
Microsoft Visual Studio Solution File, Format Version 12.00
# Visual Studio Version 17
VisualStudioVersion = 17.1.32328.378
MinimumVisualStudioVersion = 10.0.40219.1
Project("{FAE04EC0-301F-11D3-BF4B-00C04F79EFBC}") = "AreaCircum", "AreaCircum.csproj", "{D3B90075-F269-47B8-B0A6-DCE349551478}"
EndProject
Global
	GlobalSection(SolutionConfigurationPlatforms) = preSolution
		Debug|Any CPU = Debug|Any CPU
		Release|Any CPU = Release|Any CPU
	EndGlobalSection
	GlobalSection(ProjectConfigurationPlatforms) = postSolution
		{D3B90075-F269-47B8-B0A6-DCE349551478}.Debug|Any CPU.ActiveCfg = Debug|Any CPU
		{D3B90075-F269-47B8-B0A6-DCE349551478}.Debug|Any CPU.Build.0 = Debug|Any CPU
		{D3B90075-F269-47B8-B0A6-DCE349551478}.Release|Any CPU.ActiveCfg = Release|Any CPU
		{D3B90075-F269-47B8-B0A6-DCE349551478}.Release|Any CPU.Build.0 = Release|Any CPU
	EndGlobalSection
	GlobalSection(SolutionProperties) = preSolution
		HideSolutionNode = FALSE
	EndGlobalSection
	GlobalSection(ExtensibilityGlobals) = postSolution
		SolutionGuid = {7DB5BA67-4A53-45D0-AD32-0CED4D0E70C2}
	EndGlobalSection
EndGlobal
